// !$*UTF8*$!
{
	archiveVersion = 1;
	classes = {
	};
	objectVersion = 56;
	objects = {

/* Begin PBXBuildFile section */
		3F55A32C2AF81A0400BDA8A9 /* ComposableArchitecture in Frameworks */ = {isa = PBXBuildFile; productRef = 3F55A32B2AF81A0400BDA8A9 /* ComposableArchitecture */; };
		3F55A32F2AF81ACD00BDA8A9 /* ServiceCore in Frameworks */ = {isa = PBXBuildFile; productRef = 3F55A32E2AF81ACD00BDA8A9 /* ServiceCore */; };
		3F55A3322AF81AD700BDA8A9 /* HTTPTransport in Frameworks */ = {isa = PBXBuildFile; productRef = 3F55A3312AF81AD700BDA8A9 /* HTTPTransport */; };
		3F55A3362AF81B7E00BDA8A9 /* Constants.swift in Sources */ = {isa = PBXBuildFile; fileRef = 3F55A3352AF81B7E00BDA8A9 /* Constants.swift */; };
		3F55A33B2AF81C3200BDA8A9 /* WebService.swift in Sources */ = {isa = PBXBuildFile; fileRef = 3F55A33A2AF81C3200BDA8A9 /* WebService.swift */; };
		3F55A33D2AF81C8F00BDA8A9 /* ArticleService.swift in Sources */ = {isa = PBXBuildFile; fileRef = 3F55A33C2AF81C8F00BDA8A9 /* ArticleService.swift */; };
		3F55A33F2AF81C9B00BDA8A9 /* ArticleServiceImplementation.swift in Sources */ = {isa = PBXBuildFile; fileRef = 3F55A33E2AF81C9B00BDA8A9 /* ArticleServiceImplementation.swift */; };
		3F55A3412AF81D2B00BDA8A9 /* ArticlePlainObject.swift in Sources */ = {isa = PBXBuildFile; fileRef = 3F55A3402AF81D2B00BDA8A9 /* ArticlePlainObject.swift */; };
		3F55A3432AF81DA600BDA8A9 /* EventPlainObjects.swift in Sources */ = {isa = PBXBuildFile; fileRef = 3F55A3422AF81DA600BDA8A9 /* EventPlainObjects.swift */; };
		3F55A3452AF81DBC00BDA8A9 /* LaunchPlainObject.swift in Sources */ = {isa = PBXBuildFile; fileRef = 3F55A3442AF81DBC00BDA8A9 /* LaunchPlainObject.swift */; };
		3FC14FD42AF7D85200CDB9B9 /* SpaceNewsTCAApp.swift in Sources */ = {isa = PBXBuildFile; fileRef = 3FC14FD32AF7D85200CDB9B9 /* SpaceNewsTCAApp.swift */; };
		3FC14FD62AF7D85200CDB9B9 /* ContentView.swift in Sources */ = {isa = PBXBuildFile; fileRef = 3FC14FD52AF7D85200CDB9B9 /* ContentView.swift */; };
		3FC14FD82AF7D85300CDB9B9 /* Assets.xcassets in Resources */ = {isa = PBXBuildFile; fileRef = 3FC14FD72AF7D85300CDB9B9 /* Assets.xcassets */; };
		3FC14FDB2AF7D85300CDB9B9 /* Preview Assets.xcassets in Resources */ = {isa = PBXBuildFile; fileRef = 3FC14FDA2AF7D85300CDB9B9 /* Preview Assets.xcassets */; };
/* End PBXBuildFile section */

/* Begin PBXFileReference section */
		3F55A3352AF81B7E00BDA8A9 /* Constants.swift */ = {isa = PBXFileReference; lastKnownFileType = sourcecode.swift; path = Constants.swift; sourceTree = "<group>"; };
		3F55A33A2AF81C3200BDA8A9 /* WebService.swift */ = {isa = PBXFileReference; lastKnownFileType = sourcecode.swift; path = WebService.swift; sourceTree = "<group>"; };
		3F55A33C2AF81C8F00BDA8A9 /* ArticleService.swift */ = {isa = PBXFileReference; lastKnownFileType = sourcecode.swift; path = ArticleService.swift; sourceTree = "<group>"; };
		3F55A33E2AF81C9B00BDA8A9 /* ArticleServiceImplementation.swift */ = {isa = PBXFileReference; lastKnownFileType = sourcecode.swift; path = ArticleServiceImplementation.swift; sourceTree = "<group>"; };
		3F55A3402AF81D2B00BDA8A9 /* ArticlePlainObject.swift */ = {isa = PBXFileReference; lastKnownFileType = sourcecode.swift; path = ArticlePlainObject.swift; sourceTree = "<group>"; };
		3F55A3422AF81DA600BDA8A9 /* EventPlainObjects.swift */ = {isa = PBXFileReference; lastKnownFileType = sourcecode.swift; path = EventPlainObjects.swift; sourceTree = "<group>"; };
		3F55A3442AF81DBC00BDA8A9 /* LaunchPlainObject.swift */ = {isa = PBXFileReference; lastKnownFileType = sourcecode.swift; path = LaunchPlainObject.swift; sourceTree = "<group>"; };
		3FC14FD02AF7D85200CDB9B9 /* SpaceNewsTCA.app */ = {isa = PBXFileReference; explicitFileType = wrapper.application; includeInIndex = 0; path = SpaceNewsTCA.app; sourceTree = BUILT_PRODUCTS_DIR; };
		3FC14FD32AF7D85200CDB9B9 /* SpaceNewsTCAApp.swift */ = {isa = PBXFileReference; lastKnownFileType = sourcecode.swift; path = SpaceNewsTCAApp.swift; sourceTree = "<group>"; };
		3FC14FD52AF7D85200CDB9B9 /* ContentView.swift */ = {isa = PBXFileReference; lastKnownFileType = sourcecode.swift; path = ContentView.swift; sourceTree = "<group>"; };
		3FC14FD72AF7D85300CDB9B9 /* Assets.xcassets */ = {isa = PBXFileReference; lastKnownFileType = folder.assetcatalog; path = Assets.xcassets; sourceTree = "<group>"; };
		3FC14FDA2AF7D85300CDB9B9 /* Preview Assets.xcassets */ = {isa = PBXFileReference; lastKnownFileType = folder.assetcatalog; path = "Preview Assets.xcassets"; sourceTree = "<group>"; };
/* End PBXFileReference section */

/* Begin PBXFrameworksBuildPhase section */
		3FC14FCD2AF7D85200CDB9B9 /* Frameworks */ = {
			isa = PBXFrameworksBuildPhase;
			buildActionMask = 2147483647;
			files = (
				3F55A3322AF81AD700BDA8A9 /* HTTPTransport in Frameworks */,
				3F55A32C2AF81A0400BDA8A9 /* ComposableArchitecture in Frameworks */,
				3F55A32F2AF81ACD00BDA8A9 /* ServiceCore in Frameworks */,
			);
			runOnlyForDeploymentPostprocessing = 0;
		};
/* End PBXFrameworksBuildPhase section */

/* Begin PBXGroup section */
		3F55A3332AF81B4700BDA8A9 /* Extensions */ = {
			isa = PBXGroup;
			children = (
				3F55A33A2AF81C3200BDA8A9 /* WebService.swift */,
			);
			path = Extensions;
			sourceTree = "<group>";
		};
		3F55A3342AF81B4D00BDA8A9 /* Constants */ = {
			isa = PBXGroup;
			children = (
				3F55A3352AF81B7E00BDA8A9 /* Constants.swift */,
			);
			path = Constants;
			sourceTree = "<group>";
		};
		3F55A3372AF81BCA00BDA8A9 /* SpaceNewsList */ = {
			isa = PBXGroup;
			children = (
			);
			path = SpaceNewsList;
			sourceTree = "<group>";
		};
		3F55A3382AF81BD600BDA8A9 /* SpaceNewsListItem */ = {
			isa = PBXGroup;
			children = (
			);
			path = SpaceNewsListItem;
			sourceTree = "<group>";
		};
		3F55A3392AF81BDD00BDA8A9 /* SpaceNewsPage */ = {
			isa = PBXGroup;
			children = (
			);
			path = SpaceNewsPage;
			sourceTree = "<group>";
		};
		3FC14FC72AF7D85200CDB9B9 = {
			isa = PBXGroup;
			children = (
				3FC14FD22AF7D85200CDB9B9 /* SpaceNewsTCA */,
				3FC14FD12AF7D85200CDB9B9 /* Products */,
			);
			sourceTree = "<group>";
		};
		3FC14FD12AF7D85200CDB9B9 /* Products */ = {
			isa = PBXGroup;
			children = (
				3FC14FD02AF7D85200CDB9B9 /* SpaceNewsTCA.app */,
			);
			name = Products;
			sourceTree = "<group>";
		};
		3FC14FD22AF7D85200CDB9B9 /* SpaceNewsTCA */ = {
			isa = PBXGroup;
			children = (
				3FC14FE12AF7D86900CDB9B9 /* Application */,
				3FC14FE22AF7D86E00CDB9B9 /* Resources */,
			);
			path = SpaceNewsTCA;
			sourceTree = "<group>";
		};
		3FC14FD92AF7D85300CDB9B9 /* Preview Content */ = {
			isa = PBXGroup;
			children = (
				3FC14FD72AF7D85300CDB9B9 /* Assets.xcassets */,
				3FC14FDA2AF7D85300CDB9B9 /* Preview Assets.xcassets */,
			);
			path = "Preview Content";
			sourceTree = "<group>";
		};
		3FC14FE12AF7D86900CDB9B9 /* Application */ = {
			isa = PBXGroup;
			children = (
				3FC14FE32AF7D8EA00CDB9B9 /* ApplicationLayer */,
				3FC14FE52AF7D8FA00CDB9B9 /* PresentationLayer */,
				3FC14FE42AF7D8F400CDB9B9 /* BusinessLayer */,
				3FC14FE62AF7D91700CDB9B9 /* Common */,
				3FC14FE72AF7D94600CDB9B9 /* Models */,
			);
			path = Application;
			sourceTree = "<group>";
		};
		3FC14FE22AF7D86E00CDB9B9 /* Resources */ = {
			isa = PBXGroup;
			children = (
				3FC14FD92AF7D85300CDB9B9 /* Preview Content */,
			);
			path = Resources;
			sourceTree = "<group>";
		};
		3FC14FE32AF7D8EA00CDB9B9 /* ApplicationLayer */ = {
			isa = PBXGroup;
			children = (
				3FC14FD32AF7D85200CDB9B9 /* SpaceNewsTCAApp.swift */,
			);
			path = ApplicationLayer;
			sourceTree = "<group>";
		};
		3FC14FE42AF7D8F400CDB9B9 /* BusinessLayer */ = {
			isa = PBXGroup;
			children = (
				3FC14FEA2AF7D9E200CDB9B9 /* Services */,
				3FC14FEB2AF7D9E900CDB9B9 /* Common */,
			);
			path = BusinessLayer;
			sourceTree = "<group>";
		};
		3FC14FE52AF7D8FA00CDB9B9 /* PresentationLayer */ = {
			isa = PBXGroup;
			children = (
				3FC14FE92AF7D97700CDB9B9 /* UserStories */,
			);
			path = PresentationLayer;
			sourceTree = "<group>";
		};
		3FC14FE62AF7D91700CDB9B9 /* Common */ = {
			isa = PBXGroup;
			children = (
				3F55A3342AF81B4D00BDA8A9 /* Constants */,
				3F55A3332AF81B4700BDA8A9 /* Extensions */,
			);
			path = Common;
			sourceTree = "<group>";
		};
		3FC14FE72AF7D94600CDB9B9 /* Models */ = {
			isa = PBXGroup;
			children = (
				3F55A3402AF81D2B00BDA8A9 /* ArticlePlainObject.swift */,
				3F55A3422AF81DA600BDA8A9 /* EventPlainObjects.swift */,
				3F55A3442AF81DBC00BDA8A9 /* LaunchPlainObject.swift */,
			);
			path = Models;
			sourceTree = "<group>";
		};
		3FC14FE92AF7D97700CDB9B9 /* UserStories */ = {
			isa = PBXGroup;
			children = (
				3F55A3392AF81BDD00BDA8A9 /* SpaceNewsPage */,
				3F55A3382AF81BD600BDA8A9 /* SpaceNewsListItem */,
				3F55A3372AF81BCA00BDA8A9 /* SpaceNewsList */,
				3FC14FD52AF7D85200CDB9B9 /* ContentView.swift */,
			);
			path = UserStories;
			sourceTree = "<group>";
		};
		3FC14FEA2AF7D9E200CDB9B9 /* Services */ = {
			isa = PBXGroup;
			children = (
				3F55A33C2AF81C8F00BDA8A9 /* ArticleService.swift */,
				3F55A33E2AF81C9B00BDA8A9 /* ArticleServiceImplementation.swift */,
			);
			path = Services;
			sourceTree = "<group>";
		};
		3FC14FEB2AF7D9E900CDB9B9 /* Common */ = {
			isa = PBXGroup;
			children = (
			);
			path = Common;
			sourceTree = "<group>";
		};
/* End PBXGroup section */

/* Begin PBXNativeTarget section */
		3FC14FCF2AF7D85200CDB9B9 /* SpaceNewsTCA */ = {
			isa = PBXNativeTarget;
			buildConfigurationList = 3FC14FDE2AF7D85300CDB9B9 /* Build configuration list for PBXNativeTarget "SpaceNewsTCA" */;
			buildPhases = (
				3FC14FCC2AF7D85200CDB9B9 /* Sources */,
				3FC14FCD2AF7D85200CDB9B9 /* Frameworks */,
				3FC14FCE2AF7D85200CDB9B9 /* Resources */,
			);
			buildRules = (
			);
			dependencies = (
			);
			name = SpaceNewsTCA;
			packageProductDependencies = (
				3F55A32B2AF81A0400BDA8A9 /* ComposableArchitecture */,
				3F55A32E2AF81ACD00BDA8A9 /* ServiceCore */,
				3F55A3312AF81AD700BDA8A9 /* HTTPTransport */,
			);
			productName = SpaceNewsTCA;
			productReference = 3FC14FD02AF7D85200CDB9B9 /* SpaceNewsTCA.app */;
			productType = "com.apple.product-type.application";
		};
/* End PBXNativeTarget section */

/* Begin PBXProject section */
		3FC14FC82AF7D85200CDB9B9 /* Project object */ = {
			isa = PBXProject;
			attributes = {
				BuildIndependentTargetsInParallel = 1;
				LastSwiftUpdateCheck = 1410;
				LastUpgradeCheck = 1410;
				TargetAttributes = {
					3FC14FCF2AF7D85200CDB9B9 = {
						CreatedOnToolsVersion = 14.1;
					};
				};
			};
			buildConfigurationList = 3FC14FCB2AF7D85200CDB9B9 /* Build configuration list for PBXProject "SpaceNewsTCA" */;
			compatibilityVersion = "Xcode 14.0";
			developmentRegion = en;
			hasScannedForEncodings = 0;
			knownRegions = (
				en,
				Base,
			);
			mainGroup = 3FC14FC72AF7D85200CDB9B9;
			packageReferences = (
				3F55A32A2AF81A0400BDA8A9 /* XCRemoteSwiftPackageReference "TCA" */,
				3F55A32D2AF81ACD00BDA8A9 /* XCRemoteSwiftPackageReference "service-core" */,
				3F55A3302AF81AD700BDA8A9 /* XCRemoteSwiftPackageReference "http-transport" */,
			);
			productRefGroup = 3FC14FD12AF7D85200CDB9B9 /* Products */;
			projectDirPath = "";
			projectRoot = "";
			targets = (
				3FC14FCF2AF7D85200CDB9B9 /* SpaceNewsTCA */,
			);
		};
/* End PBXProject section */

/* Begin PBXResourcesBuildPhase section */
		3FC14FCE2AF7D85200CDB9B9 /* Resources */ = {
			isa = PBXResourcesBuildPhase;
			buildActionMask = 2147483647;
			files = (
				3FC14FDB2AF7D85300CDB9B9 /* Preview Assets.xcassets in Resources */,
				3FC14FD82AF7D85300CDB9B9 /* Assets.xcassets in Resources */,
			);
			runOnlyForDeploymentPostprocessing = 0;
		};
/* End PBXResourcesBuildPhase section */

/* Begin PBXSourcesBuildPhase section */
		3FC14FCC2AF7D85200CDB9B9 /* Sources */ = {
			isa = PBXSourcesBuildPhase;
			buildActionMask = 2147483647;
			files = (
				3F55A33F2AF81C9B00BDA8A9 /* ArticleServiceImplementation.swift in Sources */,
				3F55A3452AF81DBC00BDA8A9 /* LaunchPlainObject.swift in Sources */,
				3F55A3412AF81D2B00BDA8A9 /* ArticlePlainObject.swift in Sources */,
				3F55A3432AF81DA600BDA8A9 /* EventPlainObjects.swift in Sources */,
				3F55A33D2AF81C8F00BDA8A9 /* ArticleService.swift in Sources */,
				3FC14FD62AF7D85200CDB9B9 /* ContentView.swift in Sources */,
				3FC14FD42AF7D85200CDB9B9 /* SpaceNewsTCAApp.swift in Sources */,
				3F55A33B2AF81C3200BDA8A9 /* WebService.swift in Sources */,
				3F55A3362AF81B7E00BDA8A9 /* Constants.swift in Sources */,
			);
			runOnlyForDeploymentPostprocessing = 0;
		};
/* End PBXSourcesBuildPhase section */

/* Begin XCBuildConfiguration section */
		3FC14FDC2AF7D85300CDB9B9 /* Debug */ = {
			isa = XCBuildConfiguration;
			buildSettings = {
				ALWAYS_SEARCH_USER_PATHS = NO;
				CLANG_ANALYZER_NONNULL = YES;
				CLANG_ANALYZER_NUMBER_OBJECT_CONVERSION = YES_AGGRESSIVE;
				CLANG_CXX_LANGUAGE_STANDARD = "gnu++20";
				CLANG_ENABLE_MODULES = YES;
				CLANG_ENABLE_OBJC_ARC = YES;
				CLANG_ENABLE_OBJC_WEAK = YES;
				CLANG_WARN_BLOCK_CAPTURE_AUTORELEASING = YES;
				CLANG_WARN_BOOL_CONVERSION = YES;
				CLANG_WARN_COMMA = YES;
				CLANG_WARN_CONSTANT_CONVERSION = YES;
				CLANG_WARN_DEPRECATED_OBJC_IMPLEMENTATIONS = YES;
				CLANG_WARN_DIRECT_OBJC_ISA_USAGE = YES_ERROR;
				CLANG_WARN_DOCUMENTATION_COMMENTS = YES;
				CLANG_WARN_EMPTY_BODY = YES;
				CLANG_WARN_ENUM_CONVERSION = YES;
				CLANG_WARN_INFINITE_RECURSION = YES;
				CLANG_WARN_INT_CONVERSION = YES;
				CLANG_WARN_NON_LITERAL_NULL_CONVERSION = YES;
				CLANG_WARN_OBJC_IMPLICIT_RETAIN_SELF = YES;
				CLANG_WARN_OBJC_LITERAL_CONVERSION = YES;
				CLANG_WARN_OBJC_ROOT_CLASS = YES_ERROR;
				CLANG_WARN_QUOTED_INCLUDE_IN_FRAMEWORK_HEADER = YES;
				CLANG_WARN_RANGE_LOOP_ANALYSIS = YES;
				CLANG_WARN_STRICT_PROTOTYPES = YES;
				CLANG_WARN_SUSPICIOUS_MOVE = YES;
				CLANG_WARN_UNGUARDED_AVAILABILITY = YES_AGGRESSIVE;
				CLANG_WARN_UNREACHABLE_CODE = YES;
				CLANG_WARN__DUPLICATE_METHOD_MATCH = YES;
				COPY_PHASE_STRIP = NO;
				DEBUG_INFORMATION_FORMAT = dwarf;
				ENABLE_STRICT_OBJC_MSGSEND = YES;
				ENABLE_TESTABILITY = YES;
				GCC_C_LANGUAGE_STANDARD = gnu11;
				GCC_DYNAMIC_NO_PIC = NO;
				GCC_NO_COMMON_BLOCKS = YES;
				GCC_OPTIMIZATION_LEVEL = 0;
				GCC_PREPROCESSOR_DEFINITIONS = (
					"DEBUG=1",
					"$(inherited)",
				);
				GCC_WARN_64_TO_32_BIT_CONVERSION = YES;
				GCC_WARN_ABOUT_RETURN_TYPE = YES_ERROR;
				GCC_WARN_UNDECLARED_SELECTOR = YES;
				GCC_WARN_UNINITIALIZED_AUTOS = YES_AGGRESSIVE;
				GCC_WARN_UNUSED_FUNCTION = YES;
				GCC_WARN_UNUSED_VARIABLE = YES;
				IPHONEOS_DEPLOYMENT_TARGET = 16.1;
				MTL_ENABLE_DEBUG_INFO = INCLUDE_SOURCE;
				MTL_FAST_MATH = YES;
				ONLY_ACTIVE_ARCH = YES;
				SDKROOT = iphoneos;
				SWIFT_ACTIVE_COMPILATION_CONDITIONS = DEBUG;
				SWIFT_OPTIMIZATION_LEVEL = "-Onone";
			};
			name = Debug;
		};
		3FC14FDD2AF7D85300CDB9B9 /* Release */ = {
			isa = XCBuildConfiguration;
			buildSettings = {
				ALWAYS_SEARCH_USER_PATHS = NO;
				CLANG_ANALYZER_NONNULL = YES;
				CLANG_ANALYZER_NUMBER_OBJECT_CONVERSION = YES_AGGRESSIVE;
				CLANG_CXX_LANGUAGE_STANDARD = "gnu++20";
				CLANG_ENABLE_MODULES = YES;
				CLANG_ENABLE_OBJC_ARC = YES;
				CLANG_ENABLE_OBJC_WEAK = YES;
				CLANG_WARN_BLOCK_CAPTURE_AUTORELEASING = YES;
				CLANG_WARN_BOOL_CONVERSION = YES;
				CLANG_WARN_COMMA = YES;
				CLANG_WARN_CONSTANT_CONVERSION = YES;
				CLANG_WARN_DEPRECATED_OBJC_IMPLEMENTATIONS = YES;
				CLANG_WARN_DIRECT_OBJC_ISA_USAGE = YES_ERROR;
				CLANG_WARN_DOCUMENTATION_COMMENTS = YES;
				CLANG_WARN_EMPTY_BODY = YES;
				CLANG_WARN_ENUM_CONVERSION = YES;
				CLANG_WARN_INFINITE_RECURSION = YES;
				CLANG_WARN_INT_CONVERSION = YES;
				CLANG_WARN_NON_LITERAL_NULL_CONVERSION = YES;
				CLANG_WARN_OBJC_IMPLICIT_RETAIN_SELF = YES;
				CLANG_WARN_OBJC_LITERAL_CONVERSION = YES;
				CLANG_WARN_OBJC_ROOT_CLASS = YES_ERROR;
				CLANG_WARN_QUOTED_INCLUDE_IN_FRAMEWORK_HEADER = YES;
				CLANG_WARN_RANGE_LOOP_ANALYSIS = YES;
				CLANG_WARN_STRICT_PROTOTYPES = YES;
				CLANG_WARN_SUSPICIOUS_MOVE = YES;
				CLANG_WARN_UNGUARDED_AVAILABILITY = YES_AGGRESSIVE;
				CLANG_WARN_UNREACHABLE_CODE = YES;
				CLANG_WARN__DUPLICATE_METHOD_MATCH = YES;
				COPY_PHASE_STRIP = NO;
				DEBUG_INFORMATION_FORMAT = "dwarf-with-dsym";
				ENABLE_NS_ASSERTIONS = NO;
				ENABLE_STRICT_OBJC_MSGSEND = YES;
				GCC_C_LANGUAGE_STANDARD = gnu11;
				GCC_NO_COMMON_BLOCKS = YES;
				GCC_WARN_64_TO_32_BIT_CONVERSION = YES;
				GCC_WARN_ABOUT_RETURN_TYPE = YES_ERROR;
				GCC_WARN_UNDECLARED_SELECTOR = YES;
				GCC_WARN_UNINITIALIZED_AUTOS = YES_AGGRESSIVE;
				GCC_WARN_UNUSED_FUNCTION = YES;
				GCC_WARN_UNUSED_VARIABLE = YES;
				IPHONEOS_DEPLOYMENT_TARGET = 16.1;
				MTL_ENABLE_DEBUG_INFO = NO;
				MTL_FAST_MATH = YES;
				SDKROOT = iphoneos;
				SWIFT_COMPILATION_MODE = wholemodule;
				SWIFT_OPTIMIZATION_LEVEL = "-O";
				VALIDATE_PRODUCT = YES;
			};
			name = Release;
		};
		3FC14FDF2AF7D85300CDB9B9 /* Debug */ = {
			isa = XCBuildConfiguration;
			buildSettings = {
				ASSETCATALOG_COMPILER_APPICON_NAME = AppIcon;
				ASSETCATALOG_COMPILER_GLOBAL_ACCENT_COLOR_NAME = AccentColor;
				CODE_SIGN_STYLE = Automatic;
				CURRENT_PROJECT_VERSION = 1;
				DEVELOPMENT_ASSET_PATHS = "\"SpaceNewsTCA/Resources/Preview Content\"";
				ENABLE_PREVIEWS = YES;
				GENERATE_INFOPLIST_FILE = YES;
				INFOPLIST_KEY_UIApplicationSceneManifest_Generation = YES;
				INFOPLIST_KEY_UIApplicationSupportsIndirectInputEvents = YES;
				INFOPLIST_KEY_UILaunchScreen_Generation = YES;
				INFOPLIST_KEY_UISupportedInterfaceOrientations_iPad = "UIInterfaceOrientationPortrait UIInterfaceOrientationPortraitUpsideDown UIInterfaceOrientationLandscapeLeft UIInterfaceOrientationLandscapeRight";
				INFOPLIST_KEY_UISupportedInterfaceOrientations_iPhone = "UIInterfaceOrientationPortrait UIInterfaceOrientationLandscapeLeft UIInterfaceOrientationLandscapeRight";
				LD_RUNPATH_SEARCH_PATHS = (
					"$(inherited)",
					"@executable_path/Frameworks",
				);
				MARKETING_VERSION = 1.0;
				PRODUCT_BUNDLE_IDENTIFIER = com.Denisenko.SpaceNewsTCA;
				PRODUCT_NAME = "$(TARGET_NAME)";
				SWIFT_EMIT_LOC_STRINGS = YES;
				SWIFT_VERSION = 5.0;
				TARGETED_DEVICE_FAMILY = "1,2";
			};
			name = Debug;
		};
		3FC14FE02AF7D85300CDB9B9 /* Release */ = {
			isa = XCBuildConfiguration;
			buildSettings = {
				ASSETCATALOG_COMPILER_APPICON_NAME = AppIcon;
				ASSETCATALOG_COMPILER_GLOBAL_ACCENT_COLOR_NAME = AccentColor;
				CODE_SIGN_STYLE = Automatic;
				CURRENT_PROJECT_VERSION = 1;
				DEVELOPMENT_ASSET_PATHS = "\"SpaceNewsTCA/Resources/Preview Content\"";
				ENABLE_PREVIEWS = YES;
				GENERATE_INFOPLIST_FILE = YES;
				INFOPLIST_KEY_UIApplicationSceneManifest_Generation = YES;
				INFOPLIST_KEY_UIApplicationSupportsIndirectInputEvents = YES;
				INFOPLIST_KEY_UILaunchScreen_Generation = YES;
				INFOPLIST_KEY_UISupportedInterfaceOrientations_iPad = "UIInterfaceOrientationPortrait UIInterfaceOrientationPortraitUpsideDown UIInterfaceOrientationLandscapeLeft UIInterfaceOrientationLandscapeRight";
				INFOPLIST_KEY_UISupportedInterfaceOrientations_iPhone = "UIInterfaceOrientationPortrait UIInterfaceOrientationLandscapeLeft UIInterfaceOrientationLandscapeRight";
				LD_RUNPATH_SEARCH_PATHS = (
					"$(inherited)",
					"@executable_path/Frameworks",
				);
				MARKETING_VERSION = 1.0;
				PRODUCT_BUNDLE_IDENTIFIER = com.Denisenko.SpaceNewsTCA;
				PRODUCT_NAME = "$(TARGET_NAME)";
				SWIFT_EMIT_LOC_STRINGS = YES;
				SWIFT_VERSION = 5.0;
				TARGETED_DEVICE_FAMILY = "1,2";
			};
			name = Release;
		};
/* End XCBuildConfiguration section */

/* Begin XCConfigurationList section */
		3FC14FCB2AF7D85200CDB9B9 /* Build configuration list for PBXProject "SpaceNewsTCA" */ = {
			isa = XCConfigurationList;
			buildConfigurations = (
				3FC14FDC2AF7D85300CDB9B9 /* Debug */,
				3FC14FDD2AF7D85300CDB9B9 /* Release */,
			);
			defaultConfigurationIsVisible = 0;
			defaultConfigurationName = Release;
		};
		3FC14FDE2AF7D85300CDB9B9 /* Build configuration list for PBXNativeTarget "SpaceNewsTCA" */ = {
			isa = XCConfigurationList;
			buildConfigurations = (
				3FC14FDF2AF7D85300CDB9B9 /* Debug */,
				3FC14FE02AF7D85300CDB9B9 /* Release */,
			);
			defaultConfigurationIsVisible = 0;
			defaultConfigurationName = Release;
		};
/* End XCConfigurationList section */

/* Begin XCRemoteSwiftPackageReference section */
		3F55A32A2AF81A0400BDA8A9 /* XCRemoteSwiftPackageReference "TCA" */ = {
			isa = XCRemoteSwiftPackageReference;
			repositoryURL = "https://github.com/Incetro/TCA.git";
			requirement = {
				branch = main;
				kind = branch;
			};
		};
		3F55A32D2AF81ACD00BDA8A9 /* XCRemoteSwiftPackageReference "service-core" */ = {
			isa = XCRemoteSwiftPackageReference;
			repositoryURL = "https://github.com/Incetro/service-core";
			requirement = {
				branch = main;
				kind = branch;
			};
		};
		3F55A3302AF81AD700BDA8A9 /* XCRemoteSwiftPackageReference "http-transport" */ = {
			isa = XCRemoteSwiftPackageReference;
			repositoryURL = "https://github.com/Incetro/http-transport.git";
			requirement = {
				kind = upToNextMajorVersion;
				minimumVersion = 5.0.0;
			};
		};
/* End XCRemoteSwiftPackageReference section */

/* Begin XCSwiftPackageProductDependency section */
		3F55A32B2AF81A0400BDA8A9 /* ComposableArchitecture */ = {
			isa = XCSwiftPackageProductDependency;
			package = 3F55A32A2AF81A0400BDA8A9 /* XCRemoteSwiftPackageReference "TCA" */;
			productName = ComposableArchitecture;
		};
		3F55A32E2AF81ACD00BDA8A9 /* ServiceCore */ = {
			isa = XCSwiftPackageProductDependency;
			package = 3F55A32D2AF81ACD00BDA8A9 /* XCRemoteSwiftPackageReference "service-core" */;
			productName = ServiceCore;
		};
		3F55A3312AF81AD700BDA8A9 /* HTTPTransport */ = {
			isa = XCSwiftPackageProductDependency;
			package = 3F55A3302AF81AD700BDA8A9 /* XCRemoteSwiftPackageReference "http-transport" */;
			productName = HTTPTransport;
		};
/* End XCSwiftPackageProductDependency section */
	};
	rootObject = 3FC14FC82AF7D85200CDB9B9 /* Project object */;
}
